// !$*UTF8*$!
{
	archiveVersion = 1;
	classes = {
	};
	objectVersion = 46;
	objects = {

/* Begin PBXBuildFile section */
		50EB0CBD1B59A17D0070C519 /* AppDelegate.swift in Sources */ = {isa = PBXBuildFile; fileRef = 50EB0CBC1B59A17D0070C519 /* AppDelegate.swift */; };
		50EB0CBF1B59A17D0070C519 /* ViewController.swift in Sources */ = {isa = PBXBuildFile; fileRef = 50EB0CBE1B59A17D0070C519 /* ViewController.swift */; };
		50EB0CC21B59A17D0070C519 /* Main.storyboard in Resources */ = {isa = PBXBuildFile; fileRef = 50EB0CC01B59A17D0070C519 /* Main.storyboard */; };
		50EB0CC41B59A17D0070C519 /* Images.xcassets in Resources */ = {isa = PBXBuildFile; fileRef = 50EB0CC31B59A17D0070C519 /* Images.xcassets */; };
		50EB0CC71B59A17D0070C519 /* LaunchScreen.xib in Resources */ = {isa = PBXBuildFile; fileRef = 50EB0CC51B59A17D0070C519 /* LaunchScreen.xib */; };
		50EB0CD31B59A17E0070C519 /* ContainerViewDemoTests.swift in Sources */ = {isa = PBXBuildFile; fileRef = 50EB0CD21B59A17E0070C519 /* ContainerViewDemoTests.swift */; };
		50EB0CDD1B59A2480070C519 /* TableViewController.swift in Sources */ = {isa = PBXBuildFile; fileRef = 50EB0CDC1B59A2480070C519 /* TableViewController.swift */; };
/* End PBXBuildFile section */

/* Begin PBXContainerItemProxy section */
		50EB0CCD1B59A17E0070C519 /* PBXContainerItemProxy */ = {
			isa = PBXContainerItemProxy;
			containerPortal = 50EB0CAF1B59A17C0070C519 /* Project object */;
			proxyType = 1;
			remoteGlobalIDString = 50EB0CB61B59A17C0070C519;
			remoteInfo = ContainerViewDemo;
		};
/* End PBXContainerItemProxy section */

/* Begin PBXFileReference section */
		50EB0CB71B59A17C0070C519 /* ContainerViewDemo.app */ = {isa = PBXFileReference; explicitFileType = wrapper.application; includeInIndex = 0; path = ContainerViewDemo.app; sourceTree = BUILT_PRODUCTS_DIR; };
		50EB0CBB1B59A17D0070C519 /* Info.plist */ = {isa = PBXFileReference; lastKnownFileType = text.plist.xml; path = Info.plist; sourceTree = "<group>"; };
		50EB0CBC1B59A17D0070C519 /* AppDelegate.swift */ = {isa = PBXFileReference; lastKnownFileType = sourcecode.swift; path = AppDelegate.swift; sourceTree = "<group>"; };
		50EB0CBE1B59A17D0070C519 /* ViewController.swift */ = {isa = PBXFileReference; lastKnownFileType = sourcecode.swift; path = ViewController.swift; sourceTree = "<group>"; };
		50EB0CC11B59A17D0070C519 /* Base */ = {isa = PBXFileReference; lastKnownFileType = file.storyboard; name = Base; path = Base.lproj/Main.storyboard; sourceTree = "<group>"; };
		50EB0CC31B59A17D0070C519 /* Images.xcassets */ = {isa = PBXFileReference; lastKnownFileType = folder.assetcatalog; path = Images.xcassets; sourceTree = "<group>"; };
		50EB0CC61B59A17D0070C519 /* Base */ = {isa = PBXFileReference; lastKnownFileType = file.xib; name = Base; path = Base.lproj/LaunchScreen.xib; sourceTree = "<group>"; };
		50EB0CCC1B59A17E0070C519 /* ContainerViewDemoTests.xctest */ = {isa = PBXFileReference; explicitFileType = wrapper.cfbundle; includeInIndex = 0; path = ContainerViewDemoTests.xctest; sourceTree = BUILT_PRODUCTS_DIR; };
		50EB0CD11B59A17E0070C519 /* Info.plist */ = {isa = PBXFileReference; lastKnownFileType = text.plist.xml; path = Info.plist; sourceTree = "<group>"; };
		50EB0CD21B59A17E0070C519 /* ContainerViewDemoTests.swift */ = {isa = PBXFileReference; lastKnownFileType = sourcecode.swift; path = ContainerViewDemoTests.swift; sourceTree = "<group>"; };
		50EB0CDC1B59A2480070C519 /* TableViewController.swift */ = {isa = PBXFileReference; fileEncoding = 4; lastKnownFileType = sourcecode.swift; path = TableViewController.swift; sourceTree = "<group>"; };
/* End PBXFileReference section */

/* Begin PBXFrameworksBuildPhase section */
		50EB0CB41B59A17C0070C519 /* Frameworks */ = {
			isa = PBXFrameworksBuildPhase;
			buildActionMask = 2147483647;
			files = (
			);
			runOnlyForDeploymentPostprocessing = 0;
		};
		50EB0CC91B59A17E0070C519 /* Frameworks */ = {
			isa = PBXFrameworksBuildPhase;
			buildActionMask = 2147483647;
			files = (
			);
			runOnlyForDeploymentPostprocessing = 0;
		};
/* End PBXFrameworksBuildPhase section */

/* Begin PBXGroup section */
		50EB0CAE1B59A17C0070C519 = {
			isa = PBXGroup;
			children = (
				50EB0CB91B59A17C0070C519 /* ContainerViewDemo */,
				50EB0CCF1B59A17E0070C519 /* ContainerViewDemoTests */,
				50EB0CB81B59A17C0070C519 /* Products */,
			);
			sourceTree = "<group>";
		};
		50EB0CB81B59A17C0070C519 /* Products */ = {
			isa = PBXGroup;
			children = (
				50EB0CB71B59A17C0070C519 /* ContainerViewDemo.app */,
				50EB0CCC1B59A17E0070C519 /* ContainerViewDemoTests.xctest */,
			);
			name = Products;
			sourceTree = "<group>";
		};
		50EB0CB91B59A17C0070C519 /* ContainerViewDemo */ = {
			isa = PBXGroup;
			children = (
				50EB0CBC1B59A17D0070C519 /* AppDelegate.swift */,
				50EB0CBE1B59A17D0070C519 /* ViewController.swift */,
				50EB0CDC1B59A2480070C519 /* TableViewController.swift */,
				50EB0CC01B59A17D0070C519 /* Main.storyboard */,
				50EB0CC31B59A17D0070C519 /* Images.xcassets */,
				50EB0CC51B59A17D0070C519 /* LaunchScreen.xib */,
				50EB0CBA1B59A17D0070C519 /* Supporting Files */,
			);
			path = ContainerViewDemo;
			sourceTree = "<group>";
		};
		50EB0CBA1B59A17D0070C519 /* Supporting Files */ = {
			isa = PBXGroup;
			children = (
				50EB0CBB1B59A17D0070C519 /* Info.plist */,
			);
			name = "Supporting Files";
			sourceTree = "<group>";
		};
		50EB0CCF1B59A17E0070C519 /* ContainerViewDemoTests */ = {
			isa = PBXGroup;
			children = (
				50EB0CD21B59A17E0070C519 /* ContainerViewDemoTests.swift */,
				50EB0CD01B59A17E0070C519 /* Supporting Files */,
			);
			path = ContainerViewDemoTests;
			sourceTree = "<group>";
		};
		50EB0CD01B59A17E0070C519 /* Supporting Files */ = {
			isa = PBXGroup;
			children = (
				50EB0CD11B59A17E0070C519 /* Info.plist */,
			);
			name = "Supporting Files";
			sourceTree = "<group>";
		};
/* End PBXGroup section */

/* Begin PBXNativeTarget section */
		50EB0CB61B59A17C0070C519 /* ContainerViewDemo */ = {
			isa = PBXNativeTarget;
			buildConfigurationList = 50EB0CD61B59A17E0070C519 /* Build configuration list for PBXNativeTarget "ContainerViewDemo" */;
			buildPhases = (
				50EB0CB31B59A17C0070C519 /* Sources */,
				50EB0CB41B59A17C0070C519 /* Frameworks */,
				50EB0CB51B59A17C0070C519 /* Resources */,
			);
			buildRules = (
			);
			dependencies = (
			);
			name = ContainerViewDemo;
			productName = ContainerViewDemo;
			productReference = 50EB0CB71B59A17C0070C519 /* ContainerViewDemo.app */;
			productType = "com.apple.product-type.application";
		};
		50EB0CCB1B59A17E0070C519 /* ContainerViewDemoTests */ = {
			isa = PBXNativeTarget;
			buildConfigurationList = 50EB0CD91B59A17E0070C519 /* Build configuration list for PBXNativeTarget "ContainerViewDemoTests" */;
			buildPhases = (
				50EB0CC81B59A17E0070C519 /* Sources */,
				50EB0CC91B59A17E0070C519 /* Frameworks */,
				50EB0CCA1B59A17E0070C519 /* Resources */,
			);
			buildRules = (
			);
			dependencies = (
				50EB0CCE1B59A17E0070C519 /* PBXTargetDependency */,
			);
			name = ContainerViewDemoTests;
			productName = ContainerViewDemoTests;
			productReference = 50EB0CCC1B59A17E0070C519 /* ContainerViewDemoTests.xctest */;
			productType = "com.apple.product-type.bundle.unit-test";
		};
/* End PBXNativeTarget section */

/* Begin PBXProject section */
		50EB0CAF1B59A17C0070C519 /* Project object */ = {
			isa = PBXProject;
			attributes = {
				LastUpgradeCheck = 0630;
				ORGANIZATIONNAME = qingjiezhao;
				TargetAttributes = {
					50EB0CB61B59A17C0070C519 = {
						CreatedOnToolsVersion = 6.3.1;
					};
					50EB0CCB1B59A17E0070C519 = {
						CreatedOnToolsVersion = 6.3.1;
						TestTargetID = 50EB0CB61B59A17C0070C519;
					};
				};
			};
			buildConfigurationList = 50EB0CB21B59A17C0070C519 /* Build configuration list for PBXProject "ContainerViewDemo" */;
			compatibilityVersion = "Xcode 3.2";
			developmentRegion = English;
			hasScannedForEncodings = 0;
			knownRegions = (
				en,
				Base,
			);
			mainGroup = 50EB0CAE1B59A17C0070C519;
			productRefGroup = 50EB0CB81B59A17C0070C519 /* Products */;
			projectDirPath = "";
			projectRoot = "";
			targets = (
				50EB0CB61B59A17C0070C519 /* ContainerViewDemo */,
				50EB0CCB1B59A17E0070C519 /* ContainerViewDemoTests */,
			);
		};
/* End PBXProject section */

/* Begin PBXResourcesBuildPhase section */
		50EB0CB51B59A17C0070C519 /* Resources */ = {
			isa = PBXResourcesBuildPhase;
			buildActionMask = 2147483647;
			files = (
				50EB0CC21B59A17D0070C519 /* Main.storyboard in Resources */,
				50EB0CC71B59A17D0070C519 /* LaunchScreen.xib in Resources */,
				50EB0CC41B59A17D0070C519 /* Images.xcassets in Resources */,
			);
			runOnlyForDeploymentPostprocessing = 0;
		};
		50EB0CCA1B59A17E0070C519 /* Resources */ = {
			isa = PBXResourcesBuildPhase;
			buildActionMask = 2147483647;
			files = (
			);
			runOnlyForDeploymentPostprocessing = 0;
		};
/* End PBXResourcesBuildPhase section */

/* Begin PBXSourcesBuildPhase section */
		50EB0CB31B59A17C0070C519 /* Sources */ = {
			isa = PBXSourcesBuildPhase;
			buildActionMask = 2147483647;
			files = (
				50EB0CBF1B59A17D0070C519 /* ViewController.swift in Sources */,
				50EB0CDD1B59A2480070C519 /* TableViewController.swift in Sources */,
				50EB0CBD1B59A17D0070C519 /* AppDelegate.swift in Sources */,
			);
			runOnlyForDeploymentPostprocessing = 0;
		};
		50EB0CC81B59A17E0070C519 /* Sources */ = {
			isa = PBXSourcesBuildPhase;
			buildActionMask = 2147483647;
			files = (
				50EB0CD31B59A17E0070C519 /* ContainerViewDemoTests.swift in Sources */,
			);
			runOnlyForDeploymentPostprocessing = 0;
		};
/* End PBXSourcesBuildPhase section */

/* Begin PBXTargetDependency section */
		50EB0CCE1B59A17E0070C519 /* PBXTargetDependency */ = {
			isa = PBXTargetDependency;
			target = 50EB0CB61B59A17C0070C519 /* ContainerViewDemo */;
			targetProxy = 50EB0CCD1B59A17E0070C519 /* PBXContainerItemProxy */;
		};
/* End PBXTargetDependency section */

/* Begin PBXVariantGroup section */
		50EB0CC01B59A17D0070C519 /* Main.storyboard */ = {
			isa = PBXVariantGroup;
			children = (
				50EB0CC11B59A17D0070C519 /* Base */,
			);
			name = Main.storyboard;
			sourceTree = "<group>";
		};
		50EB0CC51B59A17D0070C519 /* LaunchScreen.xib */ = {
			isa = PBXVariantGroup;
			children = (
				50EB0CC61B59A17D0070C519 /* Base */,
			);
			name = LaunchScreen.xib;
			sourceTree = "<group>";
		};
/* End PBXVariantGroup section */

/* Begin XCBuildConfiguration section */
		50EB0CD41B59A17E0070C519 /* Debug */ = {
			isa = XCBuildConfiguration;
			buildSettings = {
				ALWAYS_SEARCH_USER_PATHS = NO;
				CLANG_CXX_LANGUAGE_STANDARD = "gnu++0x";
				CLANG_CXX_LIBRARY = "libc++";
				CLANG_ENABLE_MODULES = YES;
				CLANG_ENABLE_OBJC_ARC = YES;
				CLANG_WARN_BOOL_CONVERSION = YES;
				CLANG_WARN_CONSTANT_CONVERSION = YES;
				CLANG_WARN_DIRECT_OBJC_ISA_USAGE = YES_ERROR;
				CLANG_WARN_EMPTY_BODY = YES;
				CLANG_WARN_ENUM_CONVERSION = YES;
				CLANG_WARN_INT_CONVERSION = YES;
				CLANG_WARN_OBJC_ROOT_CLASS = YES_ERROR;
				CLANG_WARN_UNREACHABLE_CODE = YES;
				CLANG_WARN__DUPLICATE_METHOD_MATCH = YES;
				"CODE_SIGN_IDENTITY[sdk=iphoneos*]" = "iPhone Developer";
				COPY_PHASE_STRIP = NO;
				DEBUG_INFORMATION_FORMAT = "dwarf-with-dsym";
				ENABLE_STRICT_OBJC_MSGSEND = YES;
				GCC_C_LANGUAGE_STANDARD = gnu99;
				GCC_DYNAMIC_NO_PIC = NO;
				GCC_NO_COMMON_BLOCKS = YES;
				GCC_OPTIMIZATION_LEVEL = 0;
				GCC_PREPROCESSOR_DEFINITIONS = (
					"DEBUG=1",
					"$(inherited)",
				);
				GCC_SYMBOLS_PRIVATE_EXTERN = NO;
				GCC_WARN_64_TO_32_BIT_CONVERSION = YES;
				GCC_WARN_ABOUT_RETURN_TYPE = YES_ERROR;
				GCC_WARN_UNDECLARED_SELECTOR = YES;
				GCC_WARN_UNINITIALIZED_AUTOS = YES_AGGRESSIVE;
				GCC_WARN_UNUSED_FUNCTION = YES;
				GCC_WARN_UNUSED_VARIABLE = YES;
				IPHONEOS_DEPLOYMENT_TARGET = 8.3;
				MTL_ENABLE_DEBUG_INFO = YES;
				ONLY_ACTIVE_ARCH = YES;
				SDKROOT = iphoneos;
				SWIFT_OPTIMIZATION_LEVEL = "-Onone";
			};
			name = Debug;
		};
		50EB0CD51B59A17E0070C519 /* Release */ = {
			isa = XCBuildConfiguration;
			buildSettings = {
				ALWAYS_SEARCH_USER_PATHS = NO;
				CLANG_CXX_LANGUAGE_STANDARD = "gnu++0x";
				CLANG_CXX_LIBRARY = "libc++";
				CLANG_ENABLE_MODULES = YES;
				CLANG_ENABLE_OBJC_ARC = YES;
				CLANG_WARN_BOOL_CONVERSION = YES;
				CLANG_WARN_CONSTANT_CONVERSION = YES;
				CLANG_WARN_DIRECT_OBJC_ISA_USAGE = YES_ERROR;
				CLANG_WARN_EMPTY_BODY = YES;
				CLANG_WARN_ENUM_CONVERSION = YES;
				CLANG_WARN_INT_CONVERSION = YES;
				CLANG_WARN_OBJC_ROOT_CLASS = YES_ERROR;
				CLANG_WARN_UNREACHABLE_CODE = YES;
				CLANG_WARN__DUPLICATE_METHOD_MATCH = YES;
				"CODE_SIGN_IDENTITY[sdk=iphoneos*]" = "iPhone Developer";
				COPY_PHASE_STRIP = NO;
				DEBUG_INFORMATION_FORMAT = "dwarf-with-dsym";
				ENABLE_NS_ASSERTIONS = NO;
				ENABLE_STRICT_OBJC_MSGSEND = YES;
				GCC_C_LANGUAGE_STANDARD = gnu99;
				GCC_NO_COMMON_BLOCKS = YES;
				GCC_WARN_64_TO_32_BIT_CONVERSION = YES;
				GCC_WARN_ABOUT_RETURN_TYPE = YES_ERROR;
				GCC_WARN_UNDECLARED_SELECTOR = YES;
				GCC_WARN_UNINITIALIZED_AUTOS = YES_AGGRESSIVE;
				GCC_WARN_UNUSED_FUNCTION = YES;
				GCC_WARN_UNUSED_VARIABLE = YES;
				IPHONEOS_DEPLOYMENT_TARGET = 8.3;
				MTL_ENABLE_DEBUG_INFO = NO;
				SDKROOT = iphoneos;
				VALIDATE_PRODUCT = YES;
			};
			name = Release;
		};
		50EB0CD71B59A17E0070C519 /* Debug */ = {
			isa = XCBuildConfiguration;
			buildSettings = {
				ASSETCATALOG_COMPILER_APPICON_NAME = AppIcon;
				INFOPLIST_FILE = ContainerViewDemo/Info.plist;
				LD_RUNPATH_SEARCH_PATHS = "$(inherited) @executable_path/Frameworks";
				PRODUCT_NAME = "$(TARGET_NAME)";
			};
			name = Debug;
		};
		50EB0CD81B59A17E0070C519 /* Release */ = {
			isa = XCBuildConfiguration;
			buildSettings = {
				ASSETCATALOG_COMPILER_APPICON_NAME = AppIcon;
				INFOPLIST_FILE = ContainerViewDemo/Info.plist;
				LD_RUNPATH_SEARCH_PATHS = "$(inherited) @executable_path/Frameworks";
				PRODUCT_NAME = "$(TARGET_NAME)";
			};
			name = Release;
		};
		50EB0CDA1B59A17E0070C519 /* Debug */ = {
			isa = XCBuildConfiguration;
			buildSettings = {
				BUNDLE_LOADER = "$(TEST_HOST)";
				FRAMEWORK_SEARCH_PATHS = (
					"$(SDKROOT)/Developer/Library/Frameworks",
					"$(inherited)",
				);
				GCC_PREPROCESSOR_DEFINITIONS = (
					"DEBUG=1",
					"$(inherited)",
				);
				INFOPLIST_FILE = ContainerViewDemoTests/Info.plist;
				LD_RUNPATH_SEARCH_PATHS = "$(inherited) @executable_path/Frameworks @loader_path/Frameworks";
				PRODUCT_NAME = "$(TARGET_NAME)";
				TEST_HOST = "$(BUILT_PRODUCTS_DIR)/ContainerViewDemo.app/ContainerViewDemo";
			};
			name = Debug;
		};
		50EB0CDB1B59A17E0070C519 /* Release */ = {
			isa = XCBuildConfiguration;
			buildSettings = {
				BUNDLE_LOADER = "$(TEST_HOST)";
				FRAMEWORK_SEARCH_PATHS = (
					"$(SDKROOT)/Developer/Library/Frameworks",
					"$(inherited)",
				);
				INFOPLIST_FILE = ContainerViewDemoTests/Info.plist;
				LD_RUNPATH_SEARCH_PATHS = "$(inherited) @executable_path/Frameworks @loader_path/Frameworks";
				PRODUCT_NAME = "$(TARGET_NAME)";
				TEST_HOST = "$(BUILT_PRODUCTS_DIR)/ContainerViewDemo.app/ContainerViewDemo";
			};
			name = Release;
		};
/* End XCBuildConfiguration section */

/* Begin XCConfigurationList section */
		50EB0CB21B59A17C0070C519 /* Build configuration list for PBXProject "ContainerViewDemo" */ = {
			isa = XCConfigurationList;
			buildConfigurations = (
				50EB0CD41B59A17E0070C519 /* Debug */,
				50EB0CD51B59A17E0070C519 /* Release */,
			);
			defaultConfigurationIsVisible = 0;
			defaultConfigurationName = Release;
		};
		50EB0CD61B59A17E0070C519 /* Build configuration list for PBXNativeTarget "ContainerViewDemo" */ = {
			isa = XCConfigurationList;
			buildConfigurations = (
				50EB0CD71B59A17E0070C519 /* Debug */,
				50EB0CD81B59A17E0070C519 /* Release */,
			);
			defaultConfigurationIsVisible = 0;
		};
		50EB0CD91B59A17E0070C519 /* Build configuration list for PBXNativeTarget "ContainerViewDemoTests" */ = {
			isa = XCConfigurationList;
			buildConfigurations = (
				50EB0CDA1B59A17E0070C519 /* Debug */,
				50EB0CDB1B59A17E0070C519 /* Release */,
			);
			defaultConfigurationIsVisible = 0;
		};
/* End XCConfigurationList section */
	};
	rootObject = 50EB0CAF1B59A17C0070C519 /* Project object */;
}
